
Microsoft Visual Studio Solution File, Format Version 12.00
# Visual Studio Version 17
VisualStudioVersion = 17.1.32328.378
MinimumVisualStudioVersion = 10.0.40219.1
Project("{FAE04EC0-301F-11D3-BF4B-00C04F79EFBC}") = "HalDemo", "HalDemo\HalDemo.csproj", "{5E41EDCC-E8D1-484F-80D4-C313943AC19F}"
EndProject
Global
	GlobalSection(SolutionConfigurationPlatforms) = preSolution
		Debug|Any CPU = Debug|Any CPU
		Release|Any CPU = Release|Any CPU
	EndGlobalSection
	GlobalSection(ProjectConfigurationPlatforms) = postSolution
		{5E41EDCC-E8D1-484F-80D4-C313943AC19F}.Debug|Any CPU.ActiveCfg = Debug|Any CPU
		{5E41EDCC-E8D1-484F-80D4-C313943AC19F}.Debug|Any CPU.Build.0 = Debug|Any CPU
		{5E41EDCC-E8D1-484F-80D4-C313943AC19F}.Release|Any CPU.ActiveCfg = Release|Any CPU
		{5E41EDCC-E8D1-484F-80D4-C313943AC19F}.Release|Any CPU.Build.0 = Release|Any CPU
	EndGlobalSection
	GlobalSection(SolutionProperties) = preSolution
		HideSolutionNode = FALSE
	EndGlobalSection
	GlobalSection(ExtensibilityGlobals) = postSolution
		SolutionGuid = {092395D6-B8A0-4772-8982-6824BBE2A602}
	EndGlobalSection
EndGlobal
